
Microsoft Visual Studio Solution File, Format Version 12.00
# Visual Studio 2012
Project("{FAE04EC0-301F-11D3-BF4B-00C04F79EFBC}") = "Calculator2", "Calculator2.csproj", "{2BCDB670-980A-49CE-BE41-9368DD16A586}"
EndProject
Global
	GlobalSection(SolutionConfigurationPlatforms) = preSolution
		Debug|Any CPU = Debug|Any CPU
		Release|Any CPU = Release|Any CPU
	EndGlobalSection
	GlobalSection(ProjectConfigurationPlatforms) = postSolution
		{2BCDB670-980A-49CE-BE41-9368DD16A586}.Debug|Any CPU.ActiveCfg = Debug|Any CPU
		{2BCDB670-980A-49CE-BE41-9368DD16A586}.Debug|Any CPU.Build.0 = Debug|Any CPU
		{2BCDB670-980A-49CE-BE41-9368DD16A586}.Release|Any CPU.ActiveCfg = Release|Any CPU
		{2BCDB670-980A-49CE-BE41-9368DD16A586}.Release|Any CPU.Build.0 = Release|Any CPU
	EndGlobalSection
	GlobalSection(SolutionProperties) = preSolution
		HideSolutionNode = FALSE
	EndGlobalSection
EndGlobal
